
Microsoft Visual Studio Solution File, Format Version 12.00
# Visual Studio Version 17
VisualStudioVersion = 17.4.33205.214
MinimumVisualStudioVersion = 10.0.40219.1
Project("{FAE04EC0-301F-11D3-BF4B-00C04F79EFBC}") = "WPFTemplate.WPF", "WPFTemplate.WPF\WPFTemplate.WPF.csproj", "{ED48297D-10A7-4FE6-9E25-2209C88B29A3}"
EndProject
Project("{FAE04EC0-301F-11D3-BF4B-00C04F79EFBC}") = "WPFTemplate.Wrapper", "WPFTemplate.Wrapper\WPFTemplate.Wrapper.csproj", "{B5F16A06-9ACF-4F9A-96ED-E5DE783706ED}"
EndProject
Global
	GlobalSection(SolutionConfigurationPlatforms) = preSolution
		Debug|Any CPU = Debug|Any CPU
		Release|Any CPU = Release|Any CPU
	EndGlobalSection
	GlobalSection(ProjectConfigurationPlatforms) = postSolution
		{ED48297D-10A7-4FE6-9E25-2209C88B29A3}.Debug|Any CPU.ActiveCfg = Debug|Any CPU
		{ED48297D-10A7-4FE6-9E25-2209C88B29A3}.Debug|Any CPU.Build.0 = Debug|Any CPU
		{ED48297D-10A7-4FE6-9E25-2209C88B29A3}.Release|Any CPU.ActiveCfg = Release|Any CPU
		{ED48297D-10A7-4FE6-9E25-2209C88B29A3}.Release|Any CPU.Build.0 = Release|Any CPU
		{B5F16A06-9ACF-4F9A-96ED-E5DE783706ED}.Debug|Any CPU.ActiveCfg = Debug|Any CPU
		{B5F16A06-9ACF-4F9A-96ED-E5DE783706ED}.Debug|Any CPU.Build.0 = Debug|Any CPU
		{B5F16A06-9ACF-4F9A-96ED-E5DE783706ED}.Release|Any CPU.ActiveCfg = Release|Any CPU
		{B5F16A06-9ACF-4F9A-96ED-E5DE783706ED}.Release|Any CPU.Build.0 = Release|Any CPU
	EndGlobalSection
	GlobalSection(SolutionProperties) = preSolution
		HideSolutionNode = FALSE
	EndGlobalSection
	GlobalSection(ExtensibilityGlobals) = postSolution
		SolutionGuid = {06DEFD03-5ADA-47BC-AD36-4037D8C0C7F6}
	EndGlobalSection
EndGlobal
